
Microsoft Visual Studio Solution File, Format Version 12.00
# Visual Studio Version 16
VisualStudioVersion = 16.0.30804.86
MinimumVisualStudioVersion = 10.0.40219.1
Project("{9A19103F-16F7-4668-BE54-9A1E7A4F7556}") = "AZDORestApiExplorer", "AZDORestApiExplorer\AZDORestApiExplorer.csproj", "{446ED15A-F123-40B8-AD89-14B2CE51FB06}"
EndProject
Project("{9A19103F-16F7-4668-BE54-9A1E7A4F7556}") = "VNC.CoreNF", "..\vnc\VNC.Core\VNC.CoreNF.csproj", "{0E17CD58-F3F4-45AA-ADF4-FB1DA9BB4A1D}"
EndProject
Project("{9A19103F-16F7-4668-BE54-9A1E7A4F7556}") = "VNC.HttpHelper", "..\vnc\VNC.HttpHelper\VNC.HttpHelper.csproj", "{134816AC-87EC-43AF-A524-ACC367313983}"
EndProject
Project("{9A19103F-16F7-4668-BE54-9A1E7A4F7556}") = "AZDORestApiExplorer.Domain", "AZDORestApiExplorer.Domain\AZDORestApiExplorer.Domain.csproj", "{D1EAB69F-4E5D-4CCC-BE85-06A63BA80CD2}"
EndProject
Project("{9A19103F-16F7-4668-BE54-9A1E7A4F7556}") = "AZDORestApiExplorer.Core", "AZDORestApiExplorer.Core\AZDORestApiExplorer.Core.csproj", "{9B33E1AA-0E4B-4114-A06F-BE9FF098D712}"
EndProject
Project("{9A19103F-16F7-4668-BE54-9A1E7A4F7556}") = "AZDORestApiExplorer.WorkItemTrackingProcess", "AZDORestApiExplorer.WorkItemTrackingProcess\AZDORestApiExplorer.WorkItemTrackingProcess.csproj", "{AEC0EEC0-4A03-4333-9A80-DA4381C4F8C4}"
EndProject
Project("{9A19103F-16F7-4668-BE54-9A1E7A4F7556}") = "AZDORestApiExplorer.Artifacts", "AZDORestApiExplorer.Artifacts\AZDORestApiExplorer.Artifacts.csproj", "{822727AA-FD7F-4E62-B549-ECFD890A18BF}"
EndProject
Project("{9A19103F-16F7-4668-BE54-9A1E7A4F7556}") = "AZDORestApiExplorer.Accounts", "AZDORestApiExplorer.Accounts\AZDORestApiExplorer.Accounts.csproj", "{668FBC9A-BDCE-4494-90F2-198560E71F24}"
EndProject
Project("{9A19103F-16F7-4668-BE54-9A1E7A4F7556}") = "AZDORestApiExplorer.Audit", "AZDORestApiExplorer.Audit\AZDORestApiExplorer.Audit.csproj", "{27CB3133-1603-42F5-9130-AD205F0D4724}"
EndProject
Project("{9A19103F-16F7-4668-BE54-9A1E7A4F7556}") = "AZDORestApiExplorer.Dashboard", "AZDORestApiExplorer.Dashboard\AZDORestApiExplorer.Dashboard.csproj", "{963C8CB8-D39C-4958-971C-A02372EE5EE3}"
EndProject
Project("{9A19103F-16F7-4668-BE54-9A1E7A4F7556}") = "AZDORestApiExplorer.WorkItemTracking", "AZDORestApiExplorer.WorkItemTracking\AZDORestApiExplorer.WorkItemTracking.csproj", "{2C0DB8C4-D5DF-4D8B-A69D-8C270D13DDA7}"
EndProject
Global
	GlobalSection(SolutionConfigurationPlatforms) = preSolution
		Debug|Any CPU = Debug|Any CPU
		Release|Any CPU = Release|Any CPU
	EndGlobalSection
	GlobalSection(ProjectConfigurationPlatforms) = postSolution
		{446ED15A-F123-40B8-AD89-14B2CE51FB06}.Debug|Any CPU.ActiveCfg = Debug|Any CPU
		{446ED15A-F123-40B8-AD89-14B2CE51FB06}.Debug|Any CPU.Build.0 = Debug|Any CPU
		{446ED15A-F123-40B8-AD89-14B2CE51FB06}.Release|Any CPU.ActiveCfg = Release|Any CPU
		{446ED15A-F123-40B8-AD89-14B2CE51FB06}.Release|Any CPU.Build.0 = Release|Any CPU
		{0E17CD58-F3F4-45AA-ADF4-FB1DA9BB4A1D}.Debug|Any CPU.ActiveCfg = Debug|Any CPU
		{0E17CD58-F3F4-45AA-ADF4-FB1DA9BB4A1D}.Debug|Any CPU.Build.0 = Debug|Any CPU
		{0E17CD58-F3F4-45AA-ADF4-FB1DA9BB4A1D}.Release|Any CPU.ActiveCfg = Release|Any CPU
		{0E17CD58-F3F4-45AA-ADF4-FB1DA9BB4A1D}.Release|Any CPU.Build.0 = Release|Any CPU
		{134816AC-87EC-43AF-A524-ACC367313983}.Debug|Any CPU.ActiveCfg = Debug|Any CPU
		{134816AC-87EC-43AF-A524-ACC367313983}.Debug|Any CPU.Build.0 = Debug|Any CPU
		{134816AC-87EC-43AF-A524-ACC367313983}.Release|Any CPU.ActiveCfg = Release|Any CPU
		{134816AC-87EC-43AF-A524-ACC367313983}.Release|Any CPU.Build.0 = Release|Any CPU
		{D1EAB69F-4E5D-4CCC-BE85-06A63BA80CD2}.Debug|Any CPU.ActiveCfg = Debug|Any CPU
		{D1EAB69F-4E5D-4CCC-BE85-06A63BA80CD2}.Debug|Any CPU.Build.0 = Debug|Any CPU
		{D1EAB69F-4E5D-4CCC-BE85-06A63BA80CD2}.Release|Any CPU.ActiveCfg = Release|Any CPU
		{D1EAB69F-4E5D-4CCC-BE85-06A63BA80CD2}.Release|Any CPU.Build.0 = Release|Any CPU
		{9B33E1AA-0E4B-4114-A06F-BE9FF098D712}.Debug|Any CPU.ActiveCfg = Debug|Any CPU
		{9B33E1AA-0E4B-4114-A06F-BE9FF098D712}.Debug|Any CPU.Build.0 = Debug|Any CPU
		{9B33E1AA-0E4B-4114-A06F-BE9FF098D712}.Release|Any CPU.ActiveCfg = Release|Any CPU
		{9B33E1AA-0E4B-4114-A06F-BE9FF098D712}.Release|Any CPU.Build.0 = Release|Any CPU
		{AEC0EEC0-4A03-4333-9A80-DA4381C4F8C4}.Debug|Any CPU.ActiveCfg = Debug|Any CPU
		{AEC0EEC0-4A03-4333-9A80-DA4381C4F8C4}.Debug|Any CPU.Build.0 = Debug|Any CPU
		{AEC0EEC0-4A03-4333-9A80-DA4381C4F8C4}.Release|Any CPU.ActiveCfg = Release|Any CPU
		{AEC0EEC0-4A03-4333-9A80-DA4381C4F8C4}.Release|Any CPU.Build.0 = Release|Any CPU
		{822727AA-FD7F-4E62-B549-ECFD890A18BF}.Debug|Any CPU.ActiveCfg = Debug|Any CPU
		{822727AA-FD7F-4E62-B549-ECFD890A18BF}.Debug|Any CPU.Build.0 = Debug|Any CPU
		{822727AA-FD7F-4E62-B549-ECFD890A18BF}.Release|Any CPU.ActiveCfg = Release|Any CPU
		{822727AA-FD7F-4E62-B549-ECFD890A18BF}.Release|Any CPU.Build.0 = Release|Any CPU
		{668FBC9A-BDCE-4494-90F2-198560E71F24}.Debug|Any CPU.ActiveCfg = Debug|Any CPU
		{668FBC9A-BDCE-4494-90F2-198560E71F24}.Debug|Any CPU.Build.0 = Debug|Any CPU
		{668FBC9A-BDCE-4494-90F2-198560E71F24}.Release|Any CPU.ActiveCfg = Release|Any CPU
		{668FBC9A-BDCE-4494-90F2-198560E71F24}.Release|Any CPU.Build.0 = Release|Any CPU
		{27CB3133-1603-42F5-9130-AD205F0D4724}.Debug|Any CPU.ActiveCfg = Debug|Any CPU
		{27CB3133-1603-42F5-9130-AD205F0D4724}.Debug|Any CPU.Build.0 = Debug|Any CPU
		{27CB3133-1603-42F5-9130-AD205F0D4724}.Release|Any CPU.ActiveCfg = Release|Any CPU
		{27CB3133-1603-42F5-9130-AD205F0D4724}.Release|Any CPU.Build.0 = Release|Any CPU
		{963C8CB8-D39C-4958-971C-A02372EE5EE3}.Debug|Any CPU.ActiveCfg = Debug|Any CPU
		{963C8CB8-D39C-4958-971C-A02372EE5EE3}.Debug|Any CPU.Build.0 = Debug|Any CPU
		{963C8CB8-D39C-4958-971C-A02372EE5EE3}.Release|Any CPU.ActiveCfg = Release|Any CPU
		{963C8CB8-D39C-4958-971C-A02372EE5EE3}.Release|Any CPU.Build.0 = Release|Any CPU
		{2C0DB8C4-D5DF-4D8B-A69D-8C270D13DDA7}.Debug|Any CPU.ActiveCfg = Debug|Any CPU
		{2C0DB8C4-D5DF-4D8B-A69D-8C270D13DDA7}.Debug|Any CPU.Build.0 = Debug|Any CPU
		{2C0DB8C4-D5DF-4D8B-A69D-8C270D13DDA7}.Release|Any CPU.ActiveCfg = Release|Any CPU
		{2C0DB8C4-D5DF-4D8B-A69D-8C270D13DDA7}.Release|Any CPU.Build.0 = Release|Any CPU
	EndGlobalSection
	GlobalSection(SolutionProperties) = preSolution
		HideSolutionNode = FALSE
	EndGlobalSection
	GlobalSection(ExtensibilityGlobals) = postSolution
		SolutionGuid = {15969726-324A-412C-930D-6ADB67695F25}
	EndGlobalSection
EndGlobal
